
Microsoft Visual Studio Solution File, Format Version 12.00
# Visual Studio Version 17
VisualStudioVersion = 17.0.31903.59
MinimumVisualStudioVersion = 10.0.40219.1
Project("{9A19103F-16F7-4668-BE54-9A1E7A4F7556}") = "CafeSphere.Domain", "src\CafeSphere.Domain\CafeSphere.Domain.csproj", "{4D8B9B7E-77B1-4A2D-B89A-40C1A62A5E01}"
EndProject
Project("{9A19103F-16F7-4668-BE54-9A1E7A4F7556}") = "CafeSphere.Shared", "src\CafeSphere.Shared\CafeSphere.Shared.csproj", "{7A6C5B8D-9E1F-43B2-8C5A-01D2E3F4A5B6}"
EndProject
Project("{9A19103F-16F7-4668-BE54-9A1E7A4F7556}") = "CafeSphere.Application", "src\CafeSphere.Application\CafeSphere.Application.csproj", "{B8D7C6E5-F4A3-42B1-90E8-7F6A5B4C3D2E}"
EndProject
Project("{9A19103F-16F7-4668-BE54-9A1E7A4F7556}") = "CafeSphere.Persistence", "src\CafeSphere.Persistence\CafeSphere.Persistence.csproj", "{C9E8D7C6-B5A4-43F2-81F0-6E5D4C3B2A1F}"
EndProject
Project("{9A19103F-16F7-4668-BE54-9A1E7A4F7556}") = "CafeSphere.Infrastructure", "src\CafeSphere.Infrastructure\CafeSphere.Infrastructure.csproj", "{D0F9E8D7-C6B5-44A3-92F1-5E4D3C2B1A0E}"
EndProject
Project("{9A19103F-16F7-4668-BE54-9A1E7A4F7556}") = "CafeSphere.API", "src\CafeSphere.API\CafeSphere.API.csproj", "{E1F0A9B8-C7D6-45E4-A3F2-4D3C2B1A0E9F}"
EndProject
Project("{9A19103F-16F7-4668-BE54-9A1E7A4F7556}") = "CafeSphere.Tests", "tests\CafeSphere.Tests\CafeSphere.Tests.csproj", "{F2A1B0C9-D8E7-46F5-B4A3-3C2B1A0E9F8E}"
EndProject
Global
	GlobalSection(SolutionConfigurationPlatforms) = preSolution
		Debug|Any CPU = Debug|Any CPU
		Release|Any CPU = Release|Any CPU
	EndGlobalSection
	GlobalSection(ProjectConfigurationPlatforms) = postSolution
		{4D8B9B7E-77B1-4A2D-B89A-40C1A62A5E01}.Debug|Any CPU.ActiveCfg = Debug|Any CPU
		{4D8B9B7E-77B1-4A2D-B89A-40C1A62A5E01}.Debug|Any CPU.Build.0 = Debug|Any CPU
		{4D8B9B7E-77B1-4A2D-B89A-40C1A62A5E01}.Release|Any CPU.ActiveCfg = Release|Any CPU
		{4D8B9B7E-77B1-4A2D-B89A-40C1A62A5E01}.Release|Any CPU.Build.0 = Release|Any CPU
		{7A6C5B8D-9E1F-43B2-8C5A-01D2E3F4A5B6}.Debug|Any CPU.ActiveCfg = Debug|Any CPU
		{7A6C5B8D-9E1F-43B2-8C5A-01D2E3F4A5B6}.Debug|Any CPU.Build.0 = Debug|Any CPU
		{7A6C5B8D-9E1F-43B2-8C5A-01D2E3F4A5B6}.Release|Any CPU.ActiveCfg = Release|Any CPU
		{7A6C5B8D-9E1F-43B2-8C5A-01D2E3F4A5B6}.Release|Any CPU.Build.0 = Release|Any CPU
		{B8D7C6E5-F4A3-42B1-90E8-7F6A5B4C3D2E}.Debug|Any CPU.ActiveCfg = Debug|Any CPU
		{B8D7C6E5-F4A3-42B1-90E8-7F6A5B4C3D2E}.Debug|Any CPU.Build.0 = Debug|Any CPU
		{B8D7C6E5-F4A3-42B1-90E8-7F6A5B4C3D2E}.Release|Any CPU.ActiveCfg = Release|Any CPU
		{B8D7C6E5-F4A3-42B1-90E8-7F6A5B4C3D2E}.Release|Any CPU.Build.0 = Release|Any CPU
		{C9E8D7C6-B5A4-43F2-81F0-6E5D4C3B2A1F}.Debug|Any CPU.ActiveCfg = Debug|Any CPU
		{C9E8D7C6-B5A4-43F2-81F0-6E5D4C3B2A1F}.Debug|Any CPU.Build.0 = Debug|Any CPU
		{C9E8D7C6-B5A4-43F2-81F0-6E5D4C3B2A1F}.Release|Any CPU.ActiveCfg = Release|Any CPU
		{C9E8D7C6-B5A4-43F2-81F0-6E5D4C3B2A1F}.Release|Any CPU.Build.0 = Release|Any CPU
		{D0F9E8D7-C6B5-44A3-92F1-5E4D3C2B1A0E}.Debug|Any CPU.ActiveCfg = Debug|Any CPU
		{D0F9E8D7-C6B5-44A3-92F1-5E4D3C2B1A0E}.Debug|Any CPU.Build.0 = Debug|Any CPU
		{D0F9E8D7-C6B5-44A3-92F1-5E4D3C2B1A0E}.Release|Any CPU.ActiveCfg = Release|Any CPU
		{D0F9E8D7-C6B5-44A3-92F1-5E4D3C2B1A0E}.Release|Any CPU.Build.0 = Release|Any CPU
		{E1F0A9B8-C7D6-45E4-A3F2-4D3C2B1A0E9F}.Debug|Any CPU.ActiveCfg = Debug|Any CPU
		{E1F0A9B8-C7D6-45E4-A3F2-4D3C2B1A0E9F}.Debug|Any CPU.Build.0 = Debug|Any CPU
		{E1F0A9B8-C7D6-45E4-A3F2-4D3C2B1A0E9F}.Release|Any CPU.ActiveCfg = Release|Any CPU
		{E1F0A9B8-C7D6-45E4-A3F2-4D3C2B1A0E9F}.Release|Any CPU.Build.0 = Release|Any CPU
		{F2A1B0C9-D8E7-46F5-B4A3-3C2B1A0E9F8E}.Debug|Any CPU.ActiveCfg = Debug|Any CPU
		{F2A1B0C9-D8E7-46F5-B4A3-3C2B1A0E9F8E}.Debug|Any CPU.Build.0 = Debug|Any CPU
		{F2A1B0C9-D8E7-46F5-B4A3-3C2B1A0E9F8E}.Release|Any CPU.ActiveCfg = Release|Any CPU
		{F2A1B0C9-D8E7-46F5-B4A3-3C2B1A0E9F8E}.Release|Any CPU.Build.0 = Release|Any CPU
	EndGlobalSection
	GlobalSection(SolutionProperties) = preSolution
		HideSolutionNode = FALSE
	EndGlobalSection
EndGlobal
